{
  "name": "uwebsocket-perf",
  "version": "1.0.0",
  "lockfileVersion": 3,
  "requires": true,
  "packages": {
    "": {
      "name": "uwebsocket-perf",
      "version": "1.0.0",
      "license": "ISC",
      "dependencies": {
        "uWebSockets.js": "github:uNetworking/uWebSockets.js#v20.48.0"
      }
    },
    "node_modules/uWebSockets.js": {
      "version": "20.48.0",
      "resolved": "git+ssh://git@github.com/uNetworking/uWebSockets.js.git#51ae1d1fd92dff77cbbdc7c431021f85578da1a6",
      "license": "Apache-2.0"
    }
  }
}
